// !$*UTF8*$!
{
	archiveVersion = 1;
	classes = {
	};
	objectVersion = 50;
	objects = {

/* Begin PBXBuildFile section */
		2B2724D42231D40100E4FEC2 /* AppDelegate.swift in Sources */ = {isa = PBXBuildFile; fileRef = 2B2724D32231D40100E4FEC2 /* AppDelegate.swift */; };
		2B2724D92231D40100E4FEC2 /* Main.storyboard in Resources */ = {isa = PBXBuildFile; fileRef = 2B2724D72231D40100E4FEC2 /* Main.storyboard */; };
		2B2724DB2231D40200E4FEC2 /* Assets.xcassets in Resources */ = {isa = PBXBuildFile; fileRef = 2B2724DA2231D40200E4FEC2 /* Assets.xcassets */; };
		2B2724DE2231D40200E4FEC2 /* LaunchScreen.storyboard in Resources */ = {isa = PBXBuildFile; fileRef = 2B2724DC2231D40200E4FEC2 /* LaunchScreen.storyboard */; };
		2B2724E62233A8C600E4FEC2 /* ProfileVC.swift in Sources */ = {isa = PBXBuildFile; fileRef = 2B2724E52233A8C600E4FEC2 /* ProfileVC.swift */; };
		2B2724E82233B19800E4FEC2 /* EducationVC.swift in Sources */ = {isa = PBXBuildFile; fileRef = 2B2724E72233B19800E4FEC2 /* EducationVC.swift */; };
		2B2724EA2233B4D000E4FEC2 /* EducationTVCell.swift in Sources */ = {isa = PBXBuildFile; fileRef = 2B2724E92233B4D000E4FEC2 /* EducationTVCell.swift */; };
		2B2724EF223435CF00E4FEC2 /* SkillsVC.swift in Sources */ = {isa = PBXBuildFile; fileRef = 2B2724EE223435CF00E4FEC2 /* SkillsVC.swift */; };
		2B2724F1223436CB00E4FEC2 /* SkillsTVCell.swift in Sources */ = {isa = PBXBuildFile; fileRef = 2B2724F0223436CB00E4FEC2 /* SkillsTVCell.swift */; };
		2B2724F32234414400E4FEC2 /* WorksVC.swift in Sources */ = {isa = PBXBuildFile; fileRef = 2B2724F22234414400E4FEC2 /* WorksVC.swift */; };
		2B2724F52234418100E4FEC2 /* WorksTVCell.swift in Sources */ = {isa = PBXBuildFile; fileRef = 2B2724F42234418100E4FEC2 /* WorksTVCell.swift */; };
		2B2724F7223448EA00E4FEC2 /* PortfolioVC.swift in Sources */ = {isa = PBXBuildFile; fileRef = 2B2724F6223448EA00E4FEC2 /* PortfolioVC.swift */; };
		2B2724F92234498100E4FEC2 /* PortfolioCVCell.swift in Sources */ = {isa = PBXBuildFile; fileRef = 2B2724F82234498100E4FEC2 /* PortfolioCVCell.swift */; };
		2B2724FB223461F800E4FEC2 /* items.json in Resources */ = {isa = PBXBuildFile; fileRef = 2B2724FA223461F800E4FEC2 /* items.json */; };
		2B2724FD2234630A00E4FEC2 /* InfoPerson.swift in Sources */ = {isa = PBXBuildFile; fileRef = 2B2724FC2234630A00E4FEC2 /* InfoPerson.swift */; };
		2B2725002234644900E4FEC2 /* Education.swift in Sources */ = {isa = PBXBuildFile; fileRef = 2B2724FF2234644900E4FEC2 /* Education.swift */; };
		2B272502223478DF00E4FEC2 /* Skills.swift in Sources */ = {isa = PBXBuildFile; fileRef = 2B272501223478DF00E4FEC2 /* Skills.swift */; };
		2B272504223480B800E4FEC2 /* Works.swift in Sources */ = {isa = PBXBuildFile; fileRef = 2B272503223480B800E4FEC2 /* Works.swift */; };
		2B272506223490FC00E4FEC2 /* Portfolio.swift in Sources */ = {isa = PBXBuildFile; fileRef = 2B272505223490FC00E4FEC2 /* Portfolio.swift */; };
		2B2725AB2234FD6200E4FEC2 /* DetailPortfolioVC.swift in Sources */ = {isa = PBXBuildFile; fileRef = 2B2725AA2234FD6200E4FEC2 /* DetailPortfolioVC.swift */; };
/* End PBXBuildFile section */

/* Begin PBXFileReference section */
		2B2724D02231D40100E4FEC2 /* HW_3.2_EreskinVA_UITabBarController.app */ = {isa = PBXFileReference; explicitFileType = wrapper.application; includeInIndex = 0; path = HW_3.2_EreskinVA_UITabBarController.app; sourceTree = BUILT_PRODUCTS_DIR; };
		2B2724D32231D40100E4FEC2 /* AppDelegate.swift */ = {isa = PBXFileReference; lastKnownFileType = sourcecode.swift; path = AppDelegate.swift; sourceTree = "<group>"; };
		2B2724D82231D40100E4FEC2 /* Base */ = {isa = PBXFileReference; lastKnownFileType = file.storyboard; name = Base; path = Base.lproj/Main.storyboard; sourceTree = "<group>"; };
		2B2724DA2231D40200E4FEC2 /* Assets.xcassets */ = {isa = PBXFileReference; lastKnownFileType = folder.assetcatalog; path = Assets.xcassets; sourceTree = "<group>"; };
		2B2724DD2231D40200E4FEC2 /* Base */ = {isa = PBXFileReference; lastKnownFileType = file.storyboard; name = Base; path = Base.lproj/LaunchScreen.storyboard; sourceTree = "<group>"; };
		2B2724DF2231D40200E4FEC2 /* Info.plist */ = {isa = PBXFileReference; lastKnownFileType = text.plist.xml; path = Info.plist; sourceTree = "<group>"; };
		2B2724E52233A8C600E4FEC2 /* ProfileVC.swift */ = {isa = PBXFileReference; lastKnownFileType = sourcecode.swift; path = ProfileVC.swift; sourceTree = "<group>"; };
		2B2724E72233B19800E4FEC2 /* EducationVC.swift */ = {isa = PBXFileReference; lastKnownFileType = sourcecode.swift; path = EducationVC.swift; sourceTree = "<group>"; };
		2B2724E92233B4D000E4FEC2 /* EducationTVCell.swift */ = {isa = PBXFileReference; lastKnownFileType = sourcecode.swift; path = EducationTVCell.swift; sourceTree = "<group>"; };
		2B2724EE223435CF00E4FEC2 /* SkillsVC.swift */ = {isa = PBXFileReference; lastKnownFileType = sourcecode.swift; path = SkillsVC.swift; sourceTree = "<group>"; };
		2B2724F0223436CB00E4FEC2 /* SkillsTVCell.swift */ = {isa = PBXFileReference; lastKnownFileType = sourcecode.swift; path = SkillsTVCell.swift; sourceTree = "<group>"; };
		2B2724F22234414400E4FEC2 /* WorksVC.swift */ = {isa = PBXFileReference; lastKnownFileType = sourcecode.swift; path = WorksVC.swift; sourceTree = "<group>"; };
		2B2724F42234418100E4FEC2 /* WorksTVCell.swift */ = {isa = PBXFileReference; lastKnownFileType = sourcecode.swift; path = WorksTVCell.swift; sourceTree = "<group>"; };
		2B2724F6223448EA00E4FEC2 /* PortfolioVC.swift */ = {isa = PBXFileReference; lastKnownFileType = sourcecode.swift; path = PortfolioVC.swift; sourceTree = "<group>"; };
		2B2724F82234498100E4FEC2 /* PortfolioCVCell.swift */ = {isa = PBXFileReference; lastKnownFileType = sourcecode.swift; path = PortfolioCVCell.swift; sourceTree = "<group>"; };
		2B2724FA223461F800E4FEC2 /* items.json */ = {isa = PBXFileReference; fileEncoding = 4; lastKnownFileType = text.json; path = items.json; sourceTree = "<group>"; };
		2B2724FC2234630A00E4FEC2 /* InfoPerson.swift */ = {isa = PBXFileReference; lastKnownFileType = sourcecode.swift; path = InfoPerson.swift; sourceTree = "<group>"; };
		2B2724FF2234644900E4FEC2 /* Education.swift */ = {isa = PBXFileReference; lastKnownFileType = sourcecode.swift; path = Education.swift; sourceTree = "<group>"; };
		2B272501223478DF00E4FEC2 /* Skills.swift */ = {isa = PBXFileReference; lastKnownFileType = sourcecode.swift; path = Skills.swift; sourceTree = "<group>"; };
		2B272503223480B800E4FEC2 /* Works.swift */ = {isa = PBXFileReference; lastKnownFileType = sourcecode.swift; path = Works.swift; sourceTree = "<group>"; };
		2B272505223490FC00E4FEC2 /* Portfolio.swift */ = {isa = PBXFileReference; lastKnownFileType = sourcecode.swift; path = Portfolio.swift; sourceTree = "<group>"; };
		2B2725AA2234FD6200E4FEC2 /* DetailPortfolioVC.swift */ = {isa = PBXFileReference; lastKnownFileType = sourcecode.swift; path = DetailPortfolioVC.swift; sourceTree = "<group>"; };
/* End PBXFileReference section */

/* Begin PBXFrameworksBuildPhase section */
		2B2724CD2231D40100E4FEC2 /* Frameworks */ = {
			isa = PBXFrameworksBuildPhase;
			buildActionMask = 2147483647;
			files = (
			);
			runOnlyForDeploymentPostprocessing = 0;
		};
/* End PBXFrameworksBuildPhase section */

/* Begin PBXGroup section */
		2B2724C72231D40100E4FEC2 = {
			isa = PBXGroup;
			children = (
				2B2724D22231D40100E4FEC2 /* HW_3.2_EreskinVA_UITabBarController */,
				2B2724D12231D40100E4FEC2 /* Products */,
			);
			sourceTree = "<group>";
		};
		2B2724D12231D40100E4FEC2 /* Products */ = {
			isa = PBXGroup;
			children = (
				2B2724D02231D40100E4FEC2 /* HW_3.2_EreskinVA_UITabBarController.app */,
			);
			name = Products;
			sourceTree = "<group>";
		};
		2B2724D22231D40100E4FEC2 /* HW_3.2_EreskinVA_UITabBarController */ = {
			isa = PBXGroup;
			children = (
				2B2724FE2234641800E4FEC2 /* Model */,
				2B2724EC22342FBA00E4FEC2 /* View */,
				2B2724EB22342FAE00E4FEC2 /* Controller */,
				2B2724ED22342FC900E4FEC2 /* Supporting Files */,
				2B2724DF2231D40200E4FEC2 /* Info.plist */,
				2B2724FA223461F800E4FEC2 /* items.json */,
			);
			path = HW_3.2_EreskinVA_UITabBarController;
			sourceTree = "<group>";
		};
		2B2724EB22342FAE00E4FEC2 /* Controller */ = {
			isa = PBXGroup;
			children = (
				2B2724E52233A8C600E4FEC2 /* ProfileVC.swift */,
				2B2724E72233B19800E4FEC2 /* EducationVC.swift */,
				2B2724EE223435CF00E4FEC2 /* SkillsVC.swift */,
				2B2724F22234414400E4FEC2 /* WorksVC.swift */,
				2B2724F6223448EA00E4FEC2 /* PortfolioVC.swift */,
				2B2725AA2234FD6200E4FEC2 /* DetailPortfolioVC.swift */,
			);
			path = Controller;
			sourceTree = "<group>";
		};
		2B2724EC22342FBA00E4FEC2 /* View */ = {
			isa = PBXGroup;
			children = (
				2B2724E92233B4D000E4FEC2 /* EducationTVCell.swift */,
				2B2724F0223436CB00E4FEC2 /* SkillsTVCell.swift */,
				2B2724F42234418100E4FEC2 /* WorksTVCell.swift */,
				2B2724F82234498100E4FEC2 /* PortfolioCVCell.swift */,
			);
			path = View;
			sourceTree = "<group>";
		};
		2B2724ED22342FC900E4FEC2 /* Supporting Files */ = {
			isa = PBXGroup;
			children = (
				2B2724D32231D40100E4FEC2 /* AppDelegate.swift */,
				2B2724D72231D40100E4FEC2 /* Main.storyboard */,
				2B2724DA2231D40200E4FEC2 /* Assets.xcassets */,
				2B2724DC2231D40200E4FEC2 /* LaunchScreen.storyboard */,
			);
			path = "Supporting Files";
			sourceTree = "<group>";
		};
		2B2724FE2234641800E4FEC2 /* Model */ = {
			isa = PBXGroup;
			children = (
				2B2724FC2234630A00E4FEC2 /* InfoPerson.swift */,
				2B2724FF2234644900E4FEC2 /* Education.swift */,
				2B272501223478DF00E4FEC2 /* Skills.swift */,
				2B272503223480B800E4FEC2 /* Works.swift */,
				2B272505223490FC00E4FEC2 /* Portfolio.swift */,
			);
			path = Model;
			sourceTree = "<group>";
		};
/* End PBXGroup section */

/* Begin PBXNativeTarget section */
		2B2724CF2231D40100E4FEC2 /* HW_3.2_EreskinVA_UITabBarController */ = {
			isa = PBXNativeTarget;
			buildConfigurationList = 2B2724E22231D40200E4FEC2 /* Build configuration list for PBXNativeTarget "HW_3.2_EreskinVA_UITabBarController" */;
			buildPhases = (
				2B2724CC2231D40100E4FEC2 /* Sources */,
				2B2724CD2231D40100E4FEC2 /* Frameworks */,
				2B2724CE2231D40100E4FEC2 /* Resources */,
			);
			buildRules = (
			);
			dependencies = (
			);
			name = HW_3.2_EreskinVA_UITabBarController;
			productName = HW_3.2_EreskinVA_UITabBarController;
			productReference = 2B2724D02231D40100E4FEC2 /* HW_3.2_EreskinVA_UITabBarController.app */;
			productType = "com.apple.product-type.application";
		};
/* End PBXNativeTarget section */

/* Begin PBXProject section */
		2B2724C82231D40100E4FEC2 /* Project object */ = {
			isa = PBXProject;
			attributes = {
				LastSwiftUpdateCheck = 1010;
				LastUpgradeCheck = 1010;
				ORGANIZATIONNAME = "Vladimir Ereskin";
				TargetAttributes = {
					2B2724CF2231D40100E4FEC2 = {
						CreatedOnToolsVersion = 10.1;
					};
				};
			};
			buildConfigurationList = 2B2724CB2231D40100E4FEC2 /* Build configuration list for PBXProject "HW_3.2_EreskinVA_UITabBarController" */;
			compatibilityVersion = "Xcode 9.3";
			developmentRegion = en;
			hasScannedForEncodings = 0;
			knownRegions = (
				en,
				Base,
			);
			mainGroup = 2B2724C72231D40100E4FEC2;
			productRefGroup = 2B2724D12231D40100E4FEC2 /* Products */;
			projectDirPath = "";
			projectRoot = "";
			targets = (
				2B2724CF2231D40100E4FEC2 /* HW_3.2_EreskinVA_UITabBarController */,
			);
		};
/* End PBXProject section */

/* Begin PBXResourcesBuildPhase section */
		2B2724CE2231D40100E4FEC2 /* Resources */ = {
			isa = PBXResourcesBuildPhase;
			buildActionMask = 2147483647;
			files = (
				2B2724FB223461F800E4FEC2 /* items.json in Resources */,
				2B2724DE2231D40200E4FEC2 /* LaunchScreen.storyboard in Resources */,
				2B2724DB2231D40200E4FEC2 /* Assets.xcassets in Resources */,
				2B2724D92231D40100E4FEC2 /* Main.storyboard in Resources */,
			);
			runOnlyForDeploymentPostprocessing = 0;
		};
/* End PBXResourcesBuildPhase section */

/* Begin PBXSourcesBuildPhase section */
		2B2724CC2231D40100E4FEC2 /* Sources */ = {
			isa = PBXSourcesBuildPhase;
			buildActionMask = 2147483647;
			files = (
				2B2724F32234414400E4FEC2 /* WorksVC.swift in Sources */,
				2B2724F7223448EA00E4FEC2 /* PortfolioVC.swift in Sources */,
				2B2725002234644900E4FEC2 /* Education.swift in Sources */,
				2B2724E82233B19800E4FEC2 /* EducationVC.swift in Sources */,
				2B2724D42231D40100E4FEC2 /* AppDelegate.swift in Sources */,
				2B2724EA2233B4D000E4FEC2 /* EducationTVCell.swift in Sources */,
				2B2724F92234498100E4FEC2 /* PortfolioCVCell.swift in Sources */,
				2B2724F52234418100E4FEC2 /* WorksTVCell.swift in Sources */,
				2B2724F1223436CB00E4FEC2 /* SkillsTVCell.swift in Sources */,
				2B272506223490FC00E4FEC2 /* Portfolio.swift in Sources */,
				2B2724EF223435CF00E4FEC2 /* SkillsVC.swift in Sources */,
				2B272502223478DF00E4FEC2 /* Skills.swift in Sources */,
				2B2725AB2234FD6200E4FEC2 /* DetailPortfolioVC.swift in Sources */,
				2B2724E62233A8C600E4FEC2 /* ProfileVC.swift in Sources */,
				2B272504223480B800E4FEC2 /* Works.swift in Sources */,
				2B2724FD2234630A00E4FEC2 /* InfoPerson.swift in Sources */,
			);
			runOnlyForDeploymentPostprocessing = 0;
		};
/* End PBXSourcesBuildPhase section */

/* Begin PBXVariantGroup section */
		2B2724D72231D40100E4FEC2 /* Main.storyboard */ = {
			isa = PBXVariantGroup;
			children = (
				2B2724D82231D40100E4FEC2 /* Base */,
			);
			name = Main.storyboard;
			sourceTree = "<group>";
		};
		2B2724DC2231D40200E4FEC2 /* LaunchScreen.storyboard */ = {
			isa = PBXVariantGroup;
			children = (
				2B2724DD2231D40200E4FEC2 /* Base */,
			);
			name = LaunchScreen.storyboard;
			sourceTree = "<group>";
		};
/* End PBXVariantGroup section */

/* Begin XCBuildConfiguration section */
		2B2724E02231D40200E4FEC2 /* Debug */ = {
			isa = XCBuildConfiguration;
			buildSettings = {
				ALWAYS_SEARCH_USER_PATHS = NO;
				CLANG_ANALYZER_NONNULL = YES;
				CLANG_ANALYZER_NUMBER_OBJECT_CONVERSION = YES_AGGRESSIVE;
				CLANG_CXX_LANGUAGE_STANDARD = "gnu++14";
				CLANG_CXX_LIBRARY = "libc++";
				CLANG_ENABLE_MODULES = YES;
				CLANG_ENABLE_OBJC_ARC = YES;
				CLANG_ENABLE_OBJC_WEAK = YES;
				CLANG_WARN_BLOCK_CAPTURE_AUTORELEASING = YES;
				CLANG_WARN_BOOL_CONVERSION = YES;
				CLANG_WARN_COMMA = YES;
				CLANG_WARN_CONSTANT_CONVERSION = YES;
				CLANG_WARN_DEPRECATED_OBJC_IMPLEMENTATIONS = YES;
				CLANG_WARN_DIRECT_OBJC_ISA_USAGE = YES_ERROR;
				CLANG_WARN_DOCUMENTATION_COMMENTS = YES;
				CLANG_WARN_EMPTY_BODY = YES;
				CLANG_WARN_ENUM_CONVERSION = YES;
				CLANG_WARN_INFINITE_RECURSION = YES;
				CLANG_WARN_INT_CONVERSION = YES;
				CLANG_WARN_NON_LITERAL_NULL_CONVERSION = YES;
				CLANG_WARN_OBJC_IMPLICIT_RETAIN_SELF = YES;
				CLANG_WARN_OBJC_LITERAL_CONVERSION = YES;
				CLANG_WARN_OBJC_ROOT_CLASS = YES_ERROR;
				CLANG_WARN_RANGE_LOOP_ANALYSIS = YES;
				CLANG_WARN_STRICT_PROTOTYPES = YES;
				CLANG_WARN_SUSPICIOUS_MOVE = YES;
				CLANG_WARN_UNGUARDED_AVAILABILITY = YES_AGGRESSIVE;
				CLANG_WARN_UNREACHABLE_CODE = YES;
				CLANG_WARN__DUPLICATE_METHOD_MATCH = YES;
				CODE_SIGN_IDENTITY = "iPhone Developer";
				COPY_PHASE_STRIP = NO;
				DEBUG_INFORMATION_FORMAT = dwarf;
				ENABLE_STRICT_OBJC_MSGSEND = YES;
				ENABLE_TESTABILITY = YES;
				GCC_C_LANGUAGE_STANDARD = gnu11;
				GCC_DYNAMIC_NO_PIC = NO;
				GCC_NO_COMMON_BLOCKS = YES;
				GCC_OPTIMIZATION_LEVEL = 0;
				GCC_PREPROCESSOR_DEFINITIONS = (
					"DEBUG=1",
					"$(inherited)",
				);
				GCC_WARN_64_TO_32_BIT_CONVERSION = YES;
				GCC_WARN_ABOUT_RETURN_TYPE = YES_ERROR;
				GCC_WARN_UNDECLARED_SELECTOR = YES;
				GCC_WARN_UNINITIALIZED_AUTOS = YES_AGGRESSIVE;
				GCC_WARN_UNUSED_FUNCTION = YES;
				GCC_WARN_UNUSED_VARIABLE = YES;
				IPHONEOS_DEPLOYMENT_TARGET = 12.1;
				MTL_ENABLE_DEBUG_INFO = INCLUDE_SOURCE;
				MTL_FAST_MATH = YES;
				ONLY_ACTIVE_ARCH = YES;
				SDKROOT = iphoneos;
				SWIFT_ACTIVE_COMPILATION_CONDITIONS = DEBUG;
				SWIFT_OPTIMIZATION_LEVEL = "-Onone";
			};
			name = Debug;
		};
		2B2724E12231D40200E4FEC2 /* Release */ = {
			isa = XCBuildConfiguration;
			buildSettings = {
				ALWAYS_SEARCH_USER_PATHS = NO;
				CLANG_ANALYZER_NONNULL = YES;
				CLANG_ANALYZER_NUMBER_OBJECT_CONVERSION = YES_AGGRESSIVE;
				CLANG_CXX_LANGUAGE_STANDARD = "gnu++14";
				CLANG_CXX_LIBRARY = "libc++";
				CLANG_ENABLE_MODULES = YES;
				CLANG_ENABLE_OBJC_ARC = YES;
				CLANG_ENABLE_OBJC_WEAK = YES;
				CLANG_WARN_BLOCK_CAPTURE_AUTORELEASING = YES;
				CLANG_WARN_BOOL_CONVERSION = YES;
				CLANG_WARN_COMMA = YES;
				CLANG_WARN_CONSTANT_CONVERSION = YES;
				CLANG_WARN_DEPRECATED_OBJC_IMPLEMENTATIONS = YES;
				CLANG_WARN_DIRECT_OBJC_ISA_USAGE = YES_ERROR;
				CLANG_WARN_DOCUMENTATION_COMMENTS = YES;
				CLANG_WARN_EMPTY_BODY = YES;
				CLANG_WARN_ENUM_CONVERSION = YES;
				CLANG_WARN_INFINITE_RECURSION = YES;
				CLANG_WARN_INT_CONVERSION = YES;
				CLANG_WARN_NON_LITERAL_NULL_CONVERSION = YES;
				CLANG_WARN_OBJC_IMPLICIT_RETAIN_SELF = YES;
				CLANG_WARN_OBJC_LITERAL_CONVERSION = YES;
				CLANG_WARN_OBJC_ROOT_CLASS = YES_ERROR;
				CLANG_WARN_RANGE_LOOP_ANALYSIS = YES;
				CLANG_WARN_STRICT_PROTOTYPES = YES;
				CLANG_WARN_SUSPICIOUS_MOVE = YES;
				CLANG_WARN_UNGUARDED_AVAILABILITY = YES_AGGRESSIVE;
				CLANG_WARN_UNREACHABLE_CODE = YES;
				CLANG_WARN__DUPLICATE_METHOD_MATCH = YES;
				CODE_SIGN_IDENTITY = "iPhone Developer";
				COPY_PHASE_STRIP = NO;
				DEBUG_INFORMATION_FORMAT = "dwarf-with-dsym";
				ENABLE_NS_ASSERTIONS = NO;
				ENABLE_STRICT_OBJC_MSGSEND = YES;
				GCC_C_LANGUAGE_STANDARD = gnu11;
				GCC_NO_COMMON_BLOCKS = YES;
				GCC_WARN_64_TO_32_BIT_CONVERSION = YES;
				GCC_WARN_ABOUT_RETURN_TYPE = YES_ERROR;
				GCC_WARN_UNDECLARED_SELECTOR = YES;
				GCC_WARN_UNINITIALIZED_AUTOS = YES_AGGRESSIVE;
				GCC_WARN_UNUSED_FUNCTION = YES;
				GCC_WARN_UNUSED_VARIABLE = YES;
				IPHONEOS_DEPLOYMENT_TARGET = 12.1;
				MTL_ENABLE_DEBUG_INFO = NO;
				MTL_FAST_MATH = YES;
				SDKROOT = iphoneos;
				SWIFT_COMPILATION_MODE = wholemodule;
				SWIFT_OPTIMIZATION_LEVEL = "-O";
				VALIDATE_PRODUCT = YES;
			};
			name = Release;
		};
		2B2724E32231D40200E4FEC2 /* Debug */ = {
			isa = XCBuildConfiguration;
			buildSettings = {
				ASSETCATALOG_COMPILER_APPICON_NAME = AppIcon;
				CODE_SIGN_STYLE = Automatic;
				DEVELOPMENT_TEAM = FE5WRLEXRE;
				INFOPLIST_FILE = HW_3.2_EreskinVA_UITabBarController/Info.plist;
				LD_RUNPATH_SEARCH_PATHS = (
					"$(inherited)",
					"@executable_path/Frameworks",
				);
				PRODUCT_BUNDLE_IDENTIFIER = "ru.ereskinva.HW-3-2-EreskinVA-UITabBarController";
				PRODUCT_NAME = "$(TARGET_NAME)";
				SWIFT_VERSION = 4.2;
				TARGETED_DEVICE_FAMILY = "1,2";
			};
			name = Debug;
		};
		2B2724E42231D40200E4FEC2 /* Release */ = {
			isa = XCBuildConfiguration;
			buildSettings = {
				ASSETCATALOG_COMPILER_APPICON_NAME = AppIcon;
				CODE_SIGN_STYLE = Automatic;
				DEVELOPMENT_TEAM = FE5WRLEXRE;
				INFOPLIST_FILE = HW_3.2_EreskinVA_UITabBarController/Info.plist;
				LD_RUNPATH_SEARCH_PATHS = (
					"$(inherited)",
					"@executable_path/Frameworks",
				);
				PRODUCT_BUNDLE_IDENTIFIER = "ru.ereskinva.HW-3-2-EreskinVA-UITabBarController";
				PRODUCT_NAME = "$(TARGET_NAME)";
				SWIFT_VERSION = 4.2;
				TARGETED_DEVICE_FAMILY = "1,2";
			};
			name = Release;
		};
/* End XCBuildConfiguration section */

/* Begin XCConfigurationList section */
		2B2724CB2231D40100E4FEC2 /* Build configuration list for PBXProject "HW_3.2_EreskinVA_UITabBarController" */ = {
			isa = XCConfigurationList;
			buildConfigurations = (
				2B2724E02231D40200E4FEC2 /* Debug */,
				2B2724E12231D40200E4FEC2 /* Release */,
			);
			defaultConfigurationIsVisible = 0;
			defaultConfigurationName = Release;
		};
		2B2724E22231D40200E4FEC2 /* Build configuration list for PBXNativeTarget "HW_3.2_EreskinVA_UITabBarController" */ = {
			isa = XCConfigurationList;
			buildConfigurations = (
				2B2724E32231D40200E4FEC2 /* Debug */,
				2B2724E42231D40200E4FEC2 /* Release */,
			);
			defaultConfigurationIsVisible = 0;
			defaultConfigurationName = Release;
		};
/* End XCConfigurationList section */
	};
	rootObject = 2B2724C82231D40100E4FEC2 /* Project object */;
}
